// !$*UTF8*$!
{
	archiveVersion = 1;
	classes = {
	};
	objectVersion = 48;
	objects = {

/* Begin PBXBuildFile section */
		D78F7ECE2018C92B003751EF /* AppDelegate.swift in Sources */ = {isa = PBXBuildFile; fileRef = D78F7ECD2018C92B003751EF /* AppDelegate.swift */; };
		D78F7ED02018C92B003751EF /* art.scnassets in Resources */ = {isa = PBXBuildFile; fileRef = D78F7ECF2018C92B003751EF /* art.scnassets */; };
		D78F7ED22018C92B003751EF /* ViewController.swift in Sources */ = {isa = PBXBuildFile; fileRef = D78F7ED12018C92B003751EF /* ViewController.swift */; };
		D78F7ED52018C92B003751EF /* Main.storyboard in Resources */ = {isa = PBXBuildFile; fileRef = D78F7ED32018C92B003751EF /* Main.storyboard */; };
		D78F7ED72018C92B003751EF /* Assets.xcassets in Resources */ = {isa = PBXBuildFile; fileRef = D78F7ED62018C92B003751EF /* Assets.xcassets */; };
		D78F7EDA2018C92B003751EF /* LaunchScreen.storyboard in Resources */ = {isa = PBXBuildFile; fileRef = D78F7ED82018C92B003751EF /* LaunchScreen.storyboard */; };
/* End PBXBuildFile section */

/* Begin PBXFileReference section */
		D78F7ECA2018C92B003751EF /* ARKitProject.app */ = {isa = PBXFileReference; explicitFileType = wrapper.application; includeInIndex = 0; path = ARKitProject.app; sourceTree = BUILT_PRODUCTS_DIR; };
		D78F7ECD2018C92B003751EF /* AppDelegate.swift */ = {isa = PBXFileReference; lastKnownFileType = sourcecode.swift; path = AppDelegate.swift; sourceTree = "<group>"; };
		D78F7ECF2018C92B003751EF /* art.scnassets */ = {isa = PBXFileReference; lastKnownFileType = wrapper.scnassets; path = art.scnassets; sourceTree = "<group>"; };
		D78F7ED12018C92B003751EF /* ViewController.swift */ = {isa = PBXFileReference; lastKnownFileType = sourcecode.swift; path = ViewController.swift; sourceTree = "<group>"; };
		D78F7ED42018C92B003751EF /* Base */ = {isa = PBXFileReference; lastKnownFileType = file.storyboard; name = Base; path = Base.lproj/Main.storyboard; sourceTree = "<group>"; };
		D78F7ED62018C92B003751EF /* Assets.xcassets */ = {isa = PBXFileReference; lastKnownFileType = folder.assetcatalog; path = Assets.xcassets; sourceTree = "<group>"; };
		D78F7ED92018C92B003751EF /* Base */ = {isa = PBXFileReference; lastKnownFileType = file.storyboard; name = Base; path = Base.lproj/LaunchScreen.storyboard; sourceTree = "<group>"; };
		D78F7EDB2018C92B003751EF /* Info.plist */ = {isa = PBXFileReference; lastKnownFileType = text.plist.xml; path = Info.plist; sourceTree = "<group>"; };
/* End PBXFileReference section */

/* Begin PBXFrameworksBuildPhase section */
		D78F7EC72018C92B003751EF /* Frameworks */ = {
			isa = PBXFrameworksBuildPhase;
			buildActionMask = 2147483647;
			files = (
			);
			runOnlyForDeploymentPostprocessing = 0;
		};
/* End PBXFrameworksBuildPhase section */

/* Begin PBXGroup section */
		D78F7EC12018C92B003751EF = {
			isa = PBXGroup;
			children = (
				D78F7ECC2018C92B003751EF /* ARKitProject */,
				D78F7ECB2018C92B003751EF /* Products */,
			);
			sourceTree = "<group>";
		};
		D78F7ECB2018C92B003751EF /* Products */ = {
			isa = PBXGroup;
			children = (
				D78F7ECA2018C92B003751EF /* ARKitProject.app */,
			);
			name = Products;
			sourceTree = "<group>";
		};
		D78F7ECC2018C92B003751EF /* ARKitProject */ = {
			isa = PBXGroup;
			children = (
				D78F7ECD2018C92B003751EF /* AppDelegate.swift */,
				D78F7ECF2018C92B003751EF /* art.scnassets */,
				D78F7ED12018C92B003751EF /* ViewController.swift */,
				D78F7ED32018C92B003751EF /* Main.storyboard */,
				D78F7ED62018C92B003751EF /* Assets.xcassets */,
				D78F7ED82018C92B003751EF /* LaunchScreen.storyboard */,
				D78F7EDB2018C92B003751EF /* Info.plist */,
			);
			path = ARKitProject;
			sourceTree = "<group>";
		};
/* End PBXGroup section */

/* Begin PBXNativeTarget section */
		D78F7EC92018C92B003751EF /* ARKitProject */ = {
			isa = PBXNativeTarget;
			buildConfigurationList = D78F7EDE2018C92B003751EF /* Build configuration list for PBXNativeTarget "ARKitProject" */;
			buildPhases = (
				D78F7EC62018C92B003751EF /* Sources */,
				D78F7EC72018C92B003751EF /* Frameworks */,
				D78F7EC82018C92B003751EF /* Resources */,
			);
			buildRules = (
			);
			dependencies = (
			);
			name = ARKitProject;
			productName = ARKitProject;
			productReference = D78F7ECA2018C92B003751EF /* ARKitProject.app */;
			productType = "com.apple.product-type.application";
		};
/* End PBXNativeTarget section */

/* Begin PBXProject section */
		D78F7EC22018C92B003751EF /* Project object */ = {
			isa = PBXProject;
			attributes = {
				LastSwiftUpdateCheck = 0920;
				LastUpgradeCheck = 0920;
				ORGANIZATIONNAME = MartynovEV;
				TargetAttributes = {
					D78F7EC92018C92B003751EF = {
						CreatedOnToolsVersion = 9.2;
						ProvisioningStyle = Automatic;
					};
				};
			};
			buildConfigurationList = D78F7EC52018C92B003751EF /* Build configuration list for PBXProject "ARKitProject" */;
			compatibilityVersion = "Xcode 8.0";
			developmentRegion = en;
			hasScannedForEncodings = 0;
			knownRegions = (
				en,
				Base,
			);
			mainGroup = D78F7EC12018C92B003751EF;
			productRefGroup = D78F7ECB2018C92B003751EF /* Products */;
			projectDirPath = "";
			projectRoot = "";
			targets = (
				D78F7EC92018C92B003751EF /* ARKitProject */,
			);
		};
/* End PBXProject section */

/* Begin PBXResourcesBuildPhase section */
		D78F7EC82018C92B003751EF /* Resources */ = {
			isa = PBXResourcesBuildPhase;
			buildActionMask = 2147483647;
			files = (
				D78F7ED02018C92B003751EF /* art.scnassets in Resources */,
				D78F7EDA2018C92B003751EF /* LaunchScreen.storyboard in Resources */,
				D78F7ED72018C92B003751EF /* Assets.xcassets in Resources */,
				D78F7ED52018C92B003751EF /* Main.storyboard in Resources */,
			);
			runOnlyForDeploymentPostprocessing = 0;
		};
/* End PBXResourcesBuildPhase section */

/* Begin PBXSourcesBuildPhase section */
		D78F7EC62018C92B003751EF /* Sources */ = {
			isa = PBXSourcesBuildPhase;
			buildActionMask = 2147483647;
			files = (
				D78F7ED22018C92B003751EF /* ViewController.swift in Sources */,
				D78F7ECE2018C92B003751EF /* AppDelegate.swift in Sources */,
			);
			runOnlyForDeploymentPostprocessing = 0;
		};
/* End PBXSourcesBuildPhase section */

/* Begin PBXVariantGroup section */
		D78F7ED32018C92B003751EF /* Main.storyboard */ = {
			isa = PBXVariantGroup;
			children = (
				D78F7ED42018C92B003751EF /* Base */,
			);
			name = Main.storyboard;
			sourceTree = "<group>";
		};
		D78F7ED82018C92B003751EF /* LaunchScreen.storyboard */ = {
			isa = PBXVariantGroup;
			children = (
				D78F7ED92018C92B003751EF /* Base */,
			);
			name = LaunchScreen.storyboard;
			sourceTree = "<group>";
		};
/* End PBXVariantGroup section */

/* Begin XCBuildConfiguration section */
		D78F7EDC2018C92B003751EF /* Debug */ = {
			isa = XCBuildConfiguration;
			buildSettings = {
				ALWAYS_SEARCH_USER_PATHS = NO;
				CLANG_ANALYZER_NONNULL = YES;
				CLANG_ANALYZER_NUMBER_OBJECT_CONVERSION = YES_AGGRESSIVE;
				CLANG_CXX_LANGUAGE_STANDARD = "gnu++14";
				CLANG_CXX_LIBRARY = "libc++";
				CLANG_ENABLE_MODULES = YES;
				CLANG_ENABLE_OBJC_ARC = YES;
				CLANG_WARN_BLOCK_CAPTURE_AUTORELEASING = YES;
				CLANG_WARN_BOOL_CONVERSION = YES;
				CLANG_WARN_COMMA = YES;
				CLANG_WARN_CONSTANT_CONVERSION = YES;
				CLANG_WARN_DIRECT_OBJC_ISA_USAGE = YES_ERROR;
				CLANG_WARN_DOCUMENTATION_COMMENTS = YES;
				CLANG_WARN_EMPTY_BODY = YES;
				CLANG_WARN_ENUM_CONVERSION = YES;
				CLANG_WARN_INFINITE_RECURSION = YES;
				CLANG_WARN_INT_CONVERSION = YES;
				CLANG_WARN_NON_LITERAL_NULL_CONVERSION = YES;
				CLANG_WARN_OBJC_LITERAL_CONVERSION = YES;
				CLANG_WARN_OBJC_ROOT_CLASS = YES_ERROR;
				CLANG_WARN_RANGE_LOOP_ANALYSIS = YES;
				CLANG_WARN_STRICT_PROTOTYPES = YES;
				CLANG_WARN_SUSPICIOUS_MOVE = YES;
				CLANG_WARN_UNGUARDED_AVAILABILITY = YES_AGGRESSIVE;
				CLANG_WARN_UNREACHABLE_CODE = YES;
				CLANG_WARN__DUPLICATE_METHOD_MATCH = YES;
				CODE_SIGN_IDENTITY = "iPhone Developer";
				COPY_PHASE_STRIP = NO;
				DEBUG_INFORMATION_FORMAT = dwarf;
				ENABLE_STRICT_OBJC_MSGSEND = YES;
				ENABLE_TESTABILITY = YES;
				GCC_C_LANGUAGE_STANDARD = gnu11;
				GCC_DYNAMIC_NO_PIC = NO;
				GCC_NO_COMMON_BLOCKS = YES;
				GCC_OPTIMIZATION_LEVEL = 0;
				GCC_PREPROCESSOR_DEFINITIONS = (
					"DEBUG=1",
					"$(inherited)",
				);
				GCC_WARN_64_TO_32_BIT_CONVERSION = YES;
				GCC_WARN_ABOUT_RETURN_TYPE = YES_ERROR;
				GCC_WARN_UNDECLARED_SELECTOR = YES;
				GCC_WARN_UNINITIALIZED_AUTOS = YES_AGGRESSIVE;
				GCC_WARN_UNUSED_FUNCTION = YES;
				GCC_WARN_UNUSED_VARIABLE = YES;
				IPHONEOS_DEPLOYMENT_TARGET = 11.2;
				MTL_ENABLE_DEBUG_INFO = YES;
				ONLY_ACTIVE_ARCH = YES;
				SDKROOT = iphoneos;
				SWIFT_ACTIVE_COMPILATION_CONDITIONS = DEBUG;
				SWIFT_OPTIMIZATION_LEVEL = "-Onone";
			};
			name = Debug;
		};
		D78F7EDD2018C92B003751EF /* Release */ = {
			isa = XCBuildConfiguration;
			buildSettings = {
				ALWAYS_SEARCH_USER_PATHS = NO;
				CLANG_ANALYZER_NONNULL = YES;
				CLANG_ANALYZER_NUMBER_OBJECT_CONVERSION = YES_AGGRESSIVE;
				CLANG_CXX_LANGUAGE_STANDARD = "gnu++14";
				CLANG_CXX_LIBRARY = "libc++";
				CLANG_ENABLE_MODULES = YES;
				CLANG_ENABLE_OBJC_ARC = YES;
				CLANG_WARN_BLOCK_CAPTURE_AUTORELEASING = YES;
				CLANG_WARN_BOOL_CONVERSION = YES;
				CLANG_WARN_COMMA = YES;
				CLANG_WARN_CONSTANT_CONVERSION = YES;
				CLANG_WARN_DIRECT_OBJC_ISA_USAGE = YES_ERROR;
				CLANG_WARN_DOCUMENTATION_COMMENTS = YES;
				CLANG_WARN_EMPTY_BODY = YES;
				CLANG_WARN_ENUM_CONVERSION = YES;
				CLANG_WARN_INFINITE_RECURSION = YES;
				CLANG_WARN_INT_CONVERSION = YES;
				CLANG_WARN_NON_LITERAL_NULL_CONVERSION = YES;
				CLANG_WARN_OBJC_LITERAL_CONVERSION = YES;
				CLANG_WARN_OBJC_ROOT_CLASS = YES_ERROR;
				CLANG_WARN_RANGE_LOOP_ANALYSIS = YES;
				CLANG_WARN_STRICT_PROTOTYPES = YES;
				CLANG_WARN_SUSPICIOUS_MOVE = YES;
				CLANG_WARN_UNGUARDED_AVAILABILITY = YES_AGGRESSIVE;
				CLANG_WARN_UNREACHABLE_CODE = YES;
				CLANG_WARN__DUPLICATE_METHOD_MATCH = YES;
				CODE_SIGN_IDENTITY = "iPhone Developer";
				COPY_PHASE_STRIP = NO;
				DEBUG_INFORMATION_FORMAT = "dwarf-with-dsym";
				ENABLE_NS_ASSERTIONS = NO;
				ENABLE_STRICT_OBJC_MSGSEND = YES;
				GCC_C_LANGUAGE_STANDARD = gnu11;
				GCC_NO_COMMON_BLOCKS = YES;
				GCC_WARN_64_TO_32_BIT_CONVERSION = YES;
				GCC_WARN_ABOUT_RETURN_TYPE = YES_ERROR;
				GCC_WARN_UNDECLARED_SELECTOR = YES;
				GCC_WARN_UNINITIALIZED_AUTOS = YES_AGGRESSIVE;
				GCC_WARN_UNUSED_FUNCTION = YES;
				GCC_WARN_UNUSED_VARIABLE = YES;
				IPHONEOS_DEPLOYMENT_TARGET = 11.2;
				MTL_ENABLE_DEBUG_INFO = NO;
				SDKROOT = iphoneos;
				SWIFT_OPTIMIZATION_LEVEL = "-Owholemodule";
				VALIDATE_PRODUCT = YES;
			};
			name = Release;
		};
		D78F7EDF2018C92B003751EF /* Debug */ = {
			isa = XCBuildConfiguration;
			buildSettings = {
				ASSETCATALOG_COMPILER_APPICON_NAME = AppIcon;
				CODE_SIGN_STYLE = Automatic;
				DEVELOPMENT_TEAM = 7YF6HND7PM;
				INFOPLIST_FILE = ARKitProject/Info.plist;
				IPHONEOS_DEPLOYMENT_TARGET = 11.1;
				LD_RUNPATH_SEARCH_PATHS = "$(inherited) @executable_path/Frameworks";
				PRODUCT_BUNDLE_IDENTIFIER = progmev.com.ARKitProject;
				PRODUCT_NAME = "$(TARGET_NAME)";
				SWIFT_VERSION = 4.0;
				TARGETED_DEVICE_FAMILY = 1;
			};
			name = Debug;
		};
		D78F7EE02018C92B003751EF /* Release */ = {
			isa = XCBuildConfiguration;
			buildSettings = {
				ASSETCATALOG_COMPILER_APPICON_NAME = AppIcon;
				CODE_SIGN_STYLE = Automatic;
				DEVELOPMENT_TEAM = 7YF6HND7PM;
				INFOPLIST_FILE = ARKitProject/Info.plist;
				IPHONEOS_DEPLOYMENT_TARGET = 11.1;
				LD_RUNPATH_SEARCH_PATHS = "$(inherited) @executable_path/Frameworks";
				PRODUCT_BUNDLE_IDENTIFIER = progmev.com.ARKitProject;
				PRODUCT_NAME = "$(TARGET_NAME)";
				SWIFT_VERSION = 4.0;
				TARGETED_DEVICE_FAMILY = 1;
			};
			name = Release;
		};
/* End XCBuildConfiguration section */

/* Begin XCConfigurationList section */
		D78F7EC52018C92B003751EF /* Build configuration list for PBXProject "ARKitProject" */ = {
			isa = XCConfigurationList;
			buildConfigurations = (
				D78F7EDC2018C92B003751EF /* Debug */,
				D78F7EDD2018C92B003751EF /* Release */,
			);
			defaultConfigurationIsVisible = 0;
			defaultConfigurationName = Release;
		};
		D78F7EDE2018C92B003751EF /* Build configuration list for PBXNativeTarget "ARKitProject" */ = {
			isa = XCConfigurationList;
			buildConfigurations = (
				D78F7EDF2018C92B003751EF /* Debug */,
				D78F7EE02018C92B003751EF /* Release */,
			);
			defaultConfigurationIsVisible = 0;
			defaultConfigurationName = Release;
		};
/* End XCConfigurationList section */
	};
	rootObject = D78F7EC22018C92B003751EF /* Project object */;
}
